
Microsoft Visual Studio Solution File, Format Version 12.00
# Visual Studio Version 17
VisualStudioVersion = 17.11.35312.102
MinimumVisualStudioVersion = 10.0.40219.1
Project("{FAE04EC0-301F-11D3-BF4B-00C04F79EFBC}") = "01_SoruBir", "01_SoruBir\01_SoruBir.csproj", "{1113330F-2CBE-489E-AC9A-2EF79D0CB191}"
EndProject
Project("{FAE04EC0-301F-11D3-BF4B-00C04F79EFBC}") = "02_SoruIki", "02_SoruIki\02_SoruIki.csproj", "{87B89B5A-8D2D-4FFE-9278-1267EBEAF596}"
EndProject
Project("{FAE04EC0-301F-11D3-BF4B-00C04F79EFBC}") = "03_SoruUc", "03_SoruUc\03_SoruUc.csproj", "{8769341B-B7E5-492D-BEBE-B2247107FB7E}"
EndProject
Project("{FAE04EC0-301F-11D3-BF4B-00C04F79EFBC}") = "04_SoruDort", "04_SoruDort\04_SoruDort.csproj", "{83143A96-D431-4C89-92EA-19961C42F52A}"
EndProject
Project("{FAE04EC0-301F-11D3-BF4B-00C04F79EFBC}") = "05_SoruBes", "05_SoruBes\05_SoruBes.csproj", "{B0B60B02-19E5-492E-B70D-1188FD20FE10}"
EndProject
Project("{FAE04EC0-301F-11D3-BF4B-00C04F79EFBC}") = "06_SoruAlti", "06_SoruAlti\06_SoruAlti.csproj", "{C7B40359-2402-418B-B9C4-FAC9635252B9}"
EndProject
Global
	GlobalSection(SolutionConfigurationPlatforms) = preSolution
		Debug|Any CPU = Debug|Any CPU
		Release|Any CPU = Release|Any CPU
	EndGlobalSection
	GlobalSection(ProjectConfigurationPlatforms) = postSolution
		{1113330F-2CBE-489E-AC9A-2EF79D0CB191}.Debug|Any CPU.ActiveCfg = Debug|Any CPU
		{1113330F-2CBE-489E-AC9A-2EF79D0CB191}.Debug|Any CPU.Build.0 = Debug|Any CPU
		{1113330F-2CBE-489E-AC9A-2EF79D0CB191}.Release|Any CPU.ActiveCfg = Release|Any CPU
		{1113330F-2CBE-489E-AC9A-2EF79D0CB191}.Release|Any CPU.Build.0 = Release|Any CPU
		{87B89B5A-8D2D-4FFE-9278-1267EBEAF596}.Debug|Any CPU.ActiveCfg = Debug|Any CPU
		{87B89B5A-8D2D-4FFE-9278-1267EBEAF596}.Debug|Any CPU.Build.0 = Debug|Any CPU
		{87B89B5A-8D2D-4FFE-9278-1267EBEAF596}.Release|Any CPU.ActiveCfg = Release|Any CPU
		{87B89B5A-8D2D-4FFE-9278-1267EBEAF596}.Release|Any CPU.Build.0 = Release|Any CPU
		{8769341B-B7E5-492D-BEBE-B2247107FB7E}.Debug|Any CPU.ActiveCfg = Debug|Any CPU
		{8769341B-B7E5-492D-BEBE-B2247107FB7E}.Debug|Any CPU.Build.0 = Debug|Any CPU
		{8769341B-B7E5-492D-BEBE-B2247107FB7E}.Release|Any CPU.ActiveCfg = Release|Any CPU
		{8769341B-B7E5-492D-BEBE-B2247107FB7E}.Release|Any CPU.Build.0 = Release|Any CPU
		{83143A96-D431-4C89-92EA-19961C42F52A}.Debug|Any CPU.ActiveCfg = Debug|Any CPU
		{83143A96-D431-4C89-92EA-19961C42F52A}.Debug|Any CPU.Build.0 = Debug|Any CPU
		{83143A96-D431-4C89-92EA-19961C42F52A}.Release|Any CPU.ActiveCfg = Release|Any CPU
		{83143A96-D431-4C89-92EA-19961C42F52A}.Release|Any CPU.Build.0 = Release|Any CPU
		{B0B60B02-19E5-492E-B70D-1188FD20FE10}.Debug|Any CPU.ActiveCfg = Debug|Any CPU
		{B0B60B02-19E5-492E-B70D-1188FD20FE10}.Debug|Any CPU.Build.0 = Debug|Any CPU
		{B0B60B02-19E5-492E-B70D-1188FD20FE10}.Release|Any CPU.ActiveCfg = Release|Any CPU
		{B0B60B02-19E5-492E-B70D-1188FD20FE10}.Release|Any CPU.Build.0 = Release|Any CPU
		{C7B40359-2402-418B-B9C4-FAC9635252B9}.Debug|Any CPU.ActiveCfg = Debug|Any CPU
		{C7B40359-2402-418B-B9C4-FAC9635252B9}.Debug|Any CPU.Build.0 = Debug|Any CPU
		{C7B40359-2402-418B-B9C4-FAC9635252B9}.Release|Any CPU.ActiveCfg = Release|Any CPU
		{C7B40359-2402-418B-B9C4-FAC9635252B9}.Release|Any CPU.Build.0 = Release|Any CPU
	EndGlobalSection
	GlobalSection(SolutionProperties) = preSolution
		HideSolutionNode = FALSE
	EndGlobalSection
	GlobalSection(ExtensibilityGlobals) = postSolution
		SolutionGuid = {6303EEC2-087C-4817-BB85-6D49090AA314}
	EndGlobalSection
EndGlobal
